
Microsoft Visual Studio Solution File, Format Version 12.00
# Visual Studio Version 17
VisualStudioVersion = 17.8.34316.72
MinimumVisualStudioVersion = 10.0.40219.1
Project("{9A19103F-16F7-4668-BE54-9A1E7A4F7556}") = "Backend_portafolio", "Backend_portafolio\Backend_portafolio.csproj", "{9F96402E-C57D-4172-840B-D8E63EC32ED5}"
EndProject
Project("{E53339B2-1760-4266-BCC7-CA923CBCF16C}") = "docker-compose", "docker-compose.dcproj", "{81DDED9D-158B-E303-5F62-77A2896D2A5A}"
EndProject
Global
	GlobalSection(SolutionConfigurationPlatforms) = preSolution
		Debug|Any CPU = Debug|Any CPU
		Release|Any CPU = Release|Any CPU
	EndGlobalSection
	GlobalSection(ProjectConfigurationPlatforms) = postSolution
		{9F96402E-C57D-4172-840B-D8E63EC32ED5}.Debug|Any CPU.ActiveCfg = Debug|Any CPU
		{9F96402E-C57D-4172-840B-D8E63EC32ED5}.Debug|Any CPU.Build.0 = Debug|Any CPU
		{9F96402E-C57D-4172-840B-D8E63EC32ED5}.Release|Any CPU.ActiveCfg = Release|Any CPU
		{9F96402E-C57D-4172-840B-D8E63EC32ED5}.Release|Any CPU.Build.0 = Release|Any CPU
		{81DDED9D-158B-E303-5F62-77A2896D2A5A}.Debug|Any CPU.ActiveCfg = Debug|Any CPU
		{81DDED9D-158B-E303-5F62-77A2896D2A5A}.Debug|Any CPU.Build.0 = Debug|Any CPU
		{81DDED9D-158B-E303-5F62-77A2896D2A5A}.Release|Any CPU.ActiveCfg = Release|Any CPU
		{81DDED9D-158B-E303-5F62-77A2896D2A5A}.Release|Any CPU.Build.0 = Release|Any CPU
	EndGlobalSection
	GlobalSection(SolutionProperties) = preSolution
		HideSolutionNode = FALSE
	EndGlobalSection
	GlobalSection(ExtensibilityGlobals) = postSolution
		SolutionGuid = {298DC778-4D70-41D5-AFD9-B3DF0C607F85}
	EndGlobalSection
EndGlobal
